
Microsoft Visual Studio Solution File, Format Version 12.00
# Visual Studio Version 16
VisualStudioVersion = 16.0.32630.194
MinimumVisualStudioVersion = 10.0.40219.1
Project("{FAE04EC0-301F-11D3-BF4B-00C04F79EFBC}") = "syntaxfattie", "syntaxfattie\syntaxfattie.csproj", "{A3312344-57B1-406C-86E7-759DEA98796B}"
EndProject
Project("{FAE04EC0-301F-11D3-BF4B-00C04F79EFBC}") = "Businesslayer", "Businesslayer\Businesslayer.csproj", "{069DAF0C-DF26-4801-A505-594044EF38A3}"
EndProject
Project("{FAE04EC0-301F-11D3-BF4B-00C04F79EFBC}") = "Datalayer", "Datalayer\Datalayer.csproj", "{61100DA9-8E23-47A3-857A-EEFA5EA9085A}"
EndProject
Global
	GlobalSection(SolutionConfigurationPlatforms) = preSolution
		Debug|Any CPU = Debug|Any CPU
		Release|Any CPU = Release|Any CPU
	EndGlobalSection
	GlobalSection(ProjectConfigurationPlatforms) = postSolution
		{A3312344-57B1-406C-86E7-759DEA98796B}.Debug|Any CPU.ActiveCfg = Debug|Any CPU
		{A3312344-57B1-406C-86E7-759DEA98796B}.Debug|Any CPU.Build.0 = Debug|Any CPU
		{A3312344-57B1-406C-86E7-759DEA98796B}.Release|Any CPU.ActiveCfg = Release|Any CPU
		{A3312344-57B1-406C-86E7-759DEA98796B}.Release|Any CPU.Build.0 = Release|Any CPU
		{069DAF0C-DF26-4801-A505-594044EF38A3}.Debug|Any CPU.ActiveCfg = Debug|Any CPU
		{069DAF0C-DF26-4801-A505-594044EF38A3}.Debug|Any CPU.Build.0 = Debug|Any CPU
		{069DAF0C-DF26-4801-A505-594044EF38A3}.Release|Any CPU.ActiveCfg = Release|Any CPU
		{069DAF0C-DF26-4801-A505-594044EF38A3}.Release|Any CPU.Build.0 = Release|Any CPU
		{61100DA9-8E23-47A3-857A-EEFA5EA9085A}.Debug|Any CPU.ActiveCfg = Debug|Any CPU
		{61100DA9-8E23-47A3-857A-EEFA5EA9085A}.Debug|Any CPU.Build.0 = Debug|Any CPU
		{61100DA9-8E23-47A3-857A-EEFA5EA9085A}.Release|Any CPU.ActiveCfg = Release|Any CPU
		{61100DA9-8E23-47A3-857A-EEFA5EA9085A}.Release|Any CPU.Build.0 = Release|Any CPU
	EndGlobalSection
	GlobalSection(SolutionProperties) = preSolution
		HideSolutionNode = FALSE
	EndGlobalSection
	GlobalSection(ExtensibilityGlobals) = postSolution
		SolutionGuid = {9FF6D384-52D7-43C2-B5D5-1037119CE7E4}
	EndGlobalSection
EndGlobal
